{
	"name": "ameliance-ui",
	"version": "0.0.1",
	"lockfileVersion": 3,
	"requires": true,
	"packages": {
		"": {
			"name": "ameliance-ui",
			"version": "0.0.1",
			"dependencies": {
				"ameliance-scripts": "^0.4.106"
			}
		},
		"node_modules/ameliance-scripts": {
			"version": "0.4.106",
			"resolved": "https://registry.npmjs.org/ameliance-scripts/-/ameliance-scripts-0.4.106.tgz",
			"integrity": "sha512-rm6ph/NsZxgE12b2UIqiAlOUWUzXMJK9np6M0MTJFig7qSWuqiyEmBX7mKFxS0PJTA91xXSq1M90rrQNJ3p0Nw==",
			"license": "MIT"
		}
	}
}
